
Microsoft Visual Studio Solution File, Format Version 12.00
# Visual Studio 15
VisualStudioVersion = 15.0.28307.329
MinimumVisualStudioVersion = 10.0.40219.1
Project("{FAE04EC0-301F-11D3-BF4B-00C04F79EFBC}") = "TickTockIAmAClock", "TickTockIAmAClock\TickTockIAmAClock.csproj", "{E7050D1A-C60C-4AEA-960D-9D77D23C76B1}"
EndProject
Global
	GlobalSection(SolutionConfigurationPlatforms) = preSolution
		Debug|Any CPU = Debug|Any CPU
		Release|Any CPU = Release|Any CPU
	EndGlobalSection
	GlobalSection(ProjectConfigurationPlatforms) = postSolution
		{E7050D1A-C60C-4AEA-960D-9D77D23C76B1}.Debug|Any CPU.ActiveCfg = Debug|Any CPU
		{E7050D1A-C60C-4AEA-960D-9D77D23C76B1}.Debug|Any CPU.Build.0 = Debug|Any CPU
		{E7050D1A-C60C-4AEA-960D-9D77D23C76B1}.Release|Any CPU.ActiveCfg = Release|Any CPU
		{E7050D1A-C60C-4AEA-960D-9D77D23C76B1}.Release|Any CPU.Build.0 = Release|Any CPU
	EndGlobalSection
	GlobalSection(SolutionProperties) = preSolution
		HideSolutionNode = FALSE
	EndGlobalSection
	GlobalSection(ExtensibilityGlobals) = postSolution
		SolutionGuid = {6F45EB0E-3D71-4D7B-A01C-33A5908F0ED4}
	EndGlobalSection
EndGlobal
